
Microsoft Visual Studio Solution File, Format Version 12.00
Project("{2150E333-8FDC-42A3-9474-1A3956D46DE8}") = "Solution Items", "Solution Items", "{03CAAA20-DC24-40B7-B13F-D033DA56A627}"
	ProjectSection(SolutionItems) = preProject
		.dockerignore = .dockerignore
		.gitignore = .gitignore
		docker-compose.override.yml = docker-compose.override.yml
		docker-compose.yml = docker-compose.yml
		Dockerfile = Dockerfile
		global.json = global.json
		README.md = README.md
	EndProjectSection
EndProject
Project("{2150E333-8FDC-42A3-9474-1A3956D46DE8}") = "Src", "Src", "{AFA8521D-575E-4833-A4A0-18D4C588A026}"
EndProject
Project("{2150E333-8FDC-42A3-9474-1A3956D46DE8}") = "Tests", "Tests", "{22861D4C-BECE-43BF-B0BD-C236C51D54EE}"
EndProject
Project("{2150E333-8FDC-42A3-9474-1A3956D46DE8}") = "BuildingBlocks", "BuildingBlocks", "{BBA4EAF7-2C72-4147-AAC1-BE27BB4E7B0C}"
EndProject
Project("{2150E333-8FDC-42A3-9474-1A3956D46DE8}") = "Services", "Services", "{880DA238-F938-4FA1-85CA-699650793B15}"
EndProject
Project("{FAE04EC0-301F-11D3-BF4B-00C04F79EFBC}") = "Open.Core.Caching", "Src\BuildingBlocks\Open.Core.Caching\Open.Core.Caching.csproj", "{9FF17DA0-09EC-4331-A438-030562C97FCE}"
EndProject
Project("{FAE04EC0-301F-11D3-BF4B-00C04F79EFBC}") = "Open.Core.Exception", "Src\BuildingBlocks\Open.Core.Exception\Open.Core.Exception.csproj", "{0FB1397F-A071-4792-8079-4F4E48D95E5E}"
EndProject
Project("{FAE04EC0-301F-11D3-BF4B-00C04F79EFBC}") = "Open.Core.Mailing", "Src\BuildingBlocks\Open.Core.Mailing\Open.Core.Mailing.csproj", "{3F71EC6B-0A0B-4B3D-90C8-3919359A3A0D}"
EndProject
Project("{FAE04EC0-301F-11D3-BF4B-00C04F79EFBC}") = "Open.MessageBroker.IntegrationEventLogs", "Src\BuildingBlocks\Open.MessageBroker.IntegrationEventLogs\Open.MessageBroker.IntegrationEventLogs.csproj", "{B1DF6BDA-CC6D-4772-8BAF-C4DC8A36CD4C}"
EndProject
Project("{FAE04EC0-301F-11D3-BF4B-00C04F79EFBC}") = "Open.MessageBroker.Abstractions", "Src\BuildingBlocks\Open.MessageBroker.Abstractions\Open.MessageBroker.Abstractions.csproj", "{B71D3ACB-65C6-4FA7-9AD4-B54816041ECB}"
EndProject
Project("{FAE04EC0-301F-11D3-BF4B-00C04F79EFBC}") = "Open.MessageBroker.RabbitMQ", "Src\BuildingBlocks\Open.MessageBroker.RabbitMQ\Open.MessageBroker.RabbitMQ.csproj", "{3949AAEA-684D-42F4-8C01-41D95F6B6479}"
EndProject
Project("{FAE04EC0-301F-11D3-BF4B-00C04F79EFBC}") = "Open.MessageBroker.MassTransit.RabbitMQ", "Src\BuildingBlocks\Open.MessageBroker.MassTransit.RabbitMQ\Open.MessageBroker.MassTransit.RabbitMQ.csproj", "{1009ABFF-24E5-4732-8451-E4867F36ADA0}"
EndProject
Project("{2150E333-8FDC-42A3-9474-1A3956D46DE8}") = "Resources", "Resources", "{1E531527-00AB-427F-8C77-22E04499D797}"
	ProjectSection(SolutionItems) = preProject
		Resources\Tai-lieu.xlsx = Resources\Tai-lieu.xlsx
	EndProjectSection
EndProject
Project("{FAE04EC0-301F-11D3-BF4B-00C04F79EFBC}") = "Open.Security", "Src\BuildingBlocks\Open.Security\Open.Security.csproj", "{ED536047-ECA7-42E6-B285-FD0945E9DD74}"
EndProject
Project("{2150E333-8FDC-42A3-9474-1A3956D46DE8}") = "UnitTesting", "UnitTesting", "{50E46F86-CF23-48F7-BC3C-6CE48641AF15}"
	ProjectSection(SolutionItems) = preProject
		README.md = README.md
	EndProjectSection
EndProject
Project("{2150E333-8FDC-42A3-9474-1A3956D46DE8}") = "Basics", "Basics", "{9654ED3B-223C-4FFD-B267-AAD07280AF55}"
EndProject
Project("{FAE04EC0-301F-11D3-BF4B-00C04F79EFBC}") = "Open.UnitTesting.Basics", "UnitTesting\Basics\Open.UnitTesting.Basics\Open.UnitTesting.Basics.csproj", "{85564648-6A2C-4199-8A1D-F114195A7B1A}"
EndProject
Global
	GlobalSection(SolutionConfigurationPlatforms) = preSolution
		Debug|Any CPU = Debug|Any CPU
		Release|Any CPU = Release|Any CPU
	EndGlobalSection
	GlobalSection(NestedProjects) = preSolution
		{BBA4EAF7-2C72-4147-AAC1-BE27BB4E7B0C} = {AFA8521D-575E-4833-A4A0-18D4C588A026}
		{880DA238-F938-4FA1-85CA-699650793B15} = {AFA8521D-575E-4833-A4A0-18D4C588A026}
		{9FF17DA0-09EC-4331-A438-030562C97FCE} = {BBA4EAF7-2C72-4147-AAC1-BE27BB4E7B0C}
		{0FB1397F-A071-4792-8079-4F4E48D95E5E} = {BBA4EAF7-2C72-4147-AAC1-BE27BB4E7B0C}
		{3F71EC6B-0A0B-4B3D-90C8-3919359A3A0D} = {BBA4EAF7-2C72-4147-AAC1-BE27BB4E7B0C}
		{B1DF6BDA-CC6D-4772-8BAF-C4DC8A36CD4C} = {BBA4EAF7-2C72-4147-AAC1-BE27BB4E7B0C}
		{B71D3ACB-65C6-4FA7-9AD4-B54816041ECB} = {BBA4EAF7-2C72-4147-AAC1-BE27BB4E7B0C}
		{3949AAEA-684D-42F4-8C01-41D95F6B6479} = {BBA4EAF7-2C72-4147-AAC1-BE27BB4E7B0C}
		{1009ABFF-24E5-4732-8451-E4867F36ADA0} = {BBA4EAF7-2C72-4147-AAC1-BE27BB4E7B0C}
		{ED536047-ECA7-42E6-B285-FD0945E9DD74} = {BBA4EAF7-2C72-4147-AAC1-BE27BB4E7B0C}
		{9654ED3B-223C-4FFD-B267-AAD07280AF55} = {50E46F86-CF23-48F7-BC3C-6CE48641AF15}
		{85564648-6A2C-4199-8A1D-F114195A7B1A} = {9654ED3B-223C-4FFD-B267-AAD07280AF55}
	EndGlobalSection
	GlobalSection(ProjectConfigurationPlatforms) = postSolution
		{9FF17DA0-09EC-4331-A438-030562C97FCE}.Debug|Any CPU.ActiveCfg = Debug|Any CPU
		{9FF17DA0-09EC-4331-A438-030562C97FCE}.Debug|Any CPU.Build.0 = Debug|Any CPU
		{9FF17DA0-09EC-4331-A438-030562C97FCE}.Release|Any CPU.ActiveCfg = Release|Any CPU
		{9FF17DA0-09EC-4331-A438-030562C97FCE}.Release|Any CPU.Build.0 = Release|Any CPU
		{0FB1397F-A071-4792-8079-4F4E48D95E5E}.Debug|Any CPU.ActiveCfg = Debug|Any CPU
		{0FB1397F-A071-4792-8079-4F4E48D95E5E}.Debug|Any CPU.Build.0 = Debug|Any CPU
		{0FB1397F-A071-4792-8079-4F4E48D95E5E}.Release|Any CPU.ActiveCfg = Release|Any CPU
		{0FB1397F-A071-4792-8079-4F4E48D95E5E}.Release|Any CPU.Build.0 = Release|Any CPU
		{3F71EC6B-0A0B-4B3D-90C8-3919359A3A0D}.Debug|Any CPU.ActiveCfg = Debug|Any CPU
		{3F71EC6B-0A0B-4B3D-90C8-3919359A3A0D}.Debug|Any CPU.Build.0 = Debug|Any CPU
		{3F71EC6B-0A0B-4B3D-90C8-3919359A3A0D}.Release|Any CPU.ActiveCfg = Release|Any CPU
		{3F71EC6B-0A0B-4B3D-90C8-3919359A3A0D}.Release|Any CPU.Build.0 = Release|Any CPU
		{B1DF6BDA-CC6D-4772-8BAF-C4DC8A36CD4C}.Debug|Any CPU.ActiveCfg = Debug|Any CPU
		{B1DF6BDA-CC6D-4772-8BAF-C4DC8A36CD4C}.Debug|Any CPU.Build.0 = Debug|Any CPU
		{B1DF6BDA-CC6D-4772-8BAF-C4DC8A36CD4C}.Release|Any CPU.ActiveCfg = Release|Any CPU
		{B1DF6BDA-CC6D-4772-8BAF-C4DC8A36CD4C}.Release|Any CPU.Build.0 = Release|Any CPU
		{B71D3ACB-65C6-4FA7-9AD4-B54816041ECB}.Debug|Any CPU.ActiveCfg = Debug|Any CPU
		{B71D3ACB-65C6-4FA7-9AD4-B54816041ECB}.Debug|Any CPU.Build.0 = Debug|Any CPU
		{B71D3ACB-65C6-4FA7-9AD4-B54816041ECB}.Release|Any CPU.ActiveCfg = Release|Any CPU
		{B71D3ACB-65C6-4FA7-9AD4-B54816041ECB}.Release|Any CPU.Build.0 = Release|Any CPU
		{3949AAEA-684D-42F4-8C01-41D95F6B6479}.Debug|Any CPU.ActiveCfg = Debug|Any CPU
		{3949AAEA-684D-42F4-8C01-41D95F6B6479}.Debug|Any CPU.Build.0 = Debug|Any CPU
		{3949AAEA-684D-42F4-8C01-41D95F6B6479}.Release|Any CPU.ActiveCfg = Release|Any CPU
		{3949AAEA-684D-42F4-8C01-41D95F6B6479}.Release|Any CPU.Build.0 = Release|Any CPU
		{1009ABFF-24E5-4732-8451-E4867F36ADA0}.Debug|Any CPU.ActiveCfg = Debug|Any CPU
		{1009ABFF-24E5-4732-8451-E4867F36ADA0}.Debug|Any CPU.Build.0 = Debug|Any CPU
		{1009ABFF-24E5-4732-8451-E4867F36ADA0}.Release|Any CPU.ActiveCfg = Release|Any CPU
		{1009ABFF-24E5-4732-8451-E4867F36ADA0}.Release|Any CPU.Build.0 = Release|Any CPU
		{ED536047-ECA7-42E6-B285-FD0945E9DD74}.Debug|Any CPU.ActiveCfg = Debug|Any CPU
		{ED536047-ECA7-42E6-B285-FD0945E9DD74}.Debug|Any CPU.Build.0 = Debug|Any CPU
		{ED536047-ECA7-42E6-B285-FD0945E9DD74}.Release|Any CPU.ActiveCfg = Release|Any CPU
		{ED536047-ECA7-42E6-B285-FD0945E9DD74}.Release|Any CPU.Build.0 = Release|Any CPU
		{85564648-6A2C-4199-8A1D-F114195A7B1A}.Debug|Any CPU.ActiveCfg = Debug|Any CPU
		{85564648-6A2C-4199-8A1D-F114195A7B1A}.Debug|Any CPU.Build.0 = Debug|Any CPU
		{85564648-6A2C-4199-8A1D-F114195A7B1A}.Release|Any CPU.ActiveCfg = Release|Any CPU
		{85564648-6A2C-4199-8A1D-F114195A7B1A}.Release|Any CPU.Build.0 = Release|Any CPU
	EndGlobalSection
EndGlobal
